
Microsoft Visual Studio Solution File, Format Version 12.00
# Visual Studio Version 17
VisualStudioVersion = 17.6.33815.320
MinimumVisualStudioVersion = 10.0.40219.1
Project("{FAE04EC0-301F-11D3-BF4B-00C04F79EFBC}") = "Laboratorio03.Android", "Laboratorio03\Laboratorio03.Android\Laboratorio03.Android.csproj", "{8D2EE304-5379-4955-A06A-6A255875FB26}"
EndProject
Project("{FAE04EC0-301F-11D3-BF4B-00C04F79EFBC}") = "Laboratorio03.iOS", "Laboratorio03\Laboratorio03.iOS\Laboratorio03.iOS.csproj", "{976638A4-F322-4B71-B481-D7244B63C522}"
EndProject
Project("{FAE04EC0-301F-11D3-BF4B-00C04F79EFBC}") = "Laboratorio03", "Laboratorio03\Laboratorio03\Laboratorio03.csproj", "{0FFB40C0-88D7-4512-9529-ACD29DA11C28}"
EndProject
Global
	GlobalSection(SolutionConfigurationPlatforms) = preSolution
		Debug|Any CPU = Debug|Any CPU
		Debug|iPhone = Debug|iPhone
		Debug|iPhoneSimulator = Debug|iPhoneSimulator
		Release|Any CPU = Release|Any CPU
		Release|iPhone = Release|iPhone
		Release|iPhoneSimulator = Release|iPhoneSimulator
	EndGlobalSection
	GlobalSection(ProjectConfigurationPlatforms) = postSolution
		{8D2EE304-5379-4955-A06A-6A255875FB26}.Debug|Any CPU.ActiveCfg = Debug|Any CPU
		{8D2EE304-5379-4955-A06A-6A255875FB26}.Debug|Any CPU.Build.0 = Debug|Any CPU
		{8D2EE304-5379-4955-A06A-6A255875FB26}.Debug|Any CPU.Deploy.0 = Debug|Any CPU
		{8D2EE304-5379-4955-A06A-6A255875FB26}.Debug|iPhone.ActiveCfg = Debug|Any CPU
		{8D2EE304-5379-4955-A06A-6A255875FB26}.Debug|iPhone.Build.0 = Debug|Any CPU
		{8D2EE304-5379-4955-A06A-6A255875FB26}.Debug|iPhone.Deploy.0 = Debug|Any CPU
		{8D2EE304-5379-4955-A06A-6A255875FB26}.Debug|iPhoneSimulator.ActiveCfg = Debug|Any CPU
		{8D2EE304-5379-4955-A06A-6A255875FB26}.Debug|iPhoneSimulator.Build.0 = Debug|Any CPU
		{8D2EE304-5379-4955-A06A-6A255875FB26}.Debug|iPhoneSimulator.Deploy.0 = Debug|Any CPU
		{8D2EE304-5379-4955-A06A-6A255875FB26}.Release|Any CPU.ActiveCfg = Release|Any CPU
		{8D2EE304-5379-4955-A06A-6A255875FB26}.Release|Any CPU.Build.0 = Release|Any CPU
		{8D2EE304-5379-4955-A06A-6A255875FB26}.Release|Any CPU.Deploy.0 = Release|Any CPU
		{8D2EE304-5379-4955-A06A-6A255875FB26}.Release|iPhone.ActiveCfg = Release|Any CPU
		{8D2EE304-5379-4955-A06A-6A255875FB26}.Release|iPhone.Build.0 = Release|Any CPU
		{8D2EE304-5379-4955-A06A-6A255875FB26}.Release|iPhone.Deploy.0 = Release|Any CPU
		{8D2EE304-5379-4955-A06A-6A255875FB26}.Release|iPhoneSimulator.ActiveCfg = Release|Any CPU
		{8D2EE304-5379-4955-A06A-6A255875FB26}.Release|iPhoneSimulator.Build.0 = Release|Any CPU
		{8D2EE304-5379-4955-A06A-6A255875FB26}.Release|iPhoneSimulator.Deploy.0 = Release|Any CPU
		{976638A4-F322-4B71-B481-D7244B63C522}.Debug|Any CPU.ActiveCfg = Debug|iPhone
		{976638A4-F322-4B71-B481-D7244B63C522}.Debug|Any CPU.Build.0 = Debug|iPhone
		{976638A4-F322-4B71-B481-D7244B63C522}.Debug|Any CPU.Deploy.0 = Debug|iPhone
		{976638A4-F322-4B71-B481-D7244B63C522}.Debug|iPhone.ActiveCfg = Debug|iPhone
		{976638A4-F322-4B71-B481-D7244B63C522}.Debug|iPhone.Build.0 = Debug|iPhone
		{976638A4-F322-4B71-B481-D7244B63C522}.Debug|iPhone.Deploy.0 = Debug|iPhone
		{976638A4-F322-4B71-B481-D7244B63C522}.Debug|iPhoneSimulator.ActiveCfg = Debug|iPhoneSimulator
		{976638A4-F322-4B71-B481-D7244B63C522}.Debug|iPhoneSimulator.Build.0 = Debug|iPhoneSimulator
		{976638A4-F322-4B71-B481-D7244B63C522}.Debug|iPhoneSimulator.Deploy.0 = Debug|iPhoneSimulator
		{976638A4-F322-4B71-B481-D7244B63C522}.Release|Any CPU.ActiveCfg = Release|iPhoneSimulator
		{976638A4-F322-4B71-B481-D7244B63C522}.Release|Any CPU.Build.0 = Release|iPhoneSimulator
		{976638A4-F322-4B71-B481-D7244B63C522}.Release|Any CPU.Deploy.0 = Release|iPhoneSimulator
		{976638A4-F322-4B71-B481-D7244B63C522}.Release|iPhone.ActiveCfg = Release|iPhone
		{976638A4-F322-4B71-B481-D7244B63C522}.Release|iPhone.Build.0 = Release|iPhone
		{976638A4-F322-4B71-B481-D7244B63C522}.Release|iPhone.Deploy.0 = Release|iPhone
		{976638A4-F322-4B71-B481-D7244B63C522}.Release|iPhoneSimulator.ActiveCfg = Release|iPhoneSimulator
		{976638A4-F322-4B71-B481-D7244B63C522}.Release|iPhoneSimulator.Build.0 = Release|iPhoneSimulator
		{976638A4-F322-4B71-B481-D7244B63C522}.Release|iPhoneSimulator.Deploy.0 = Release|iPhoneSimulator
		{0FFB40C0-88D7-4512-9529-ACD29DA11C28}.Debug|Any CPU.ActiveCfg = Debug|Any CPU
		{0FFB40C0-88D7-4512-9529-ACD29DA11C28}.Debug|Any CPU.Build.0 = Debug|Any CPU
		{0FFB40C0-88D7-4512-9529-ACD29DA11C28}.Debug|Any CPU.Deploy.0 = Debug|Any CPU
		{0FFB40C0-88D7-4512-9529-ACD29DA11C28}.Debug|iPhone.ActiveCfg = Debug|Any CPU
		{0FFB40C0-88D7-4512-9529-ACD29DA11C28}.Debug|iPhone.Build.0 = Debug|Any CPU
		{0FFB40C0-88D7-4512-9529-ACD29DA11C28}.Debug|iPhone.Deploy.0 = Debug|Any CPU
		{0FFB40C0-88D7-4512-9529-ACD29DA11C28}.Debug|iPhoneSimulator.ActiveCfg = Debug|Any CPU
		{0FFB40C0-88D7-4512-9529-ACD29DA11C28}.Debug|iPhoneSimulator.Build.0 = Debug|Any CPU
		{0FFB40C0-88D7-4512-9529-ACD29DA11C28}.Debug|iPhoneSimulator.Deploy.0 = Debug|Any CPU
		{0FFB40C0-88D7-4512-9529-ACD29DA11C28}.Release|Any CPU.ActiveCfg = Release|Any CPU
		{0FFB40C0-88D7-4512-9529-ACD29DA11C28}.Release|Any CPU.Build.0 = Release|Any CPU
		{0FFB40C0-88D7-4512-9529-ACD29DA11C28}.Release|Any CPU.Deploy.0 = Release|Any CPU
		{0FFB40C0-88D7-4512-9529-ACD29DA11C28}.Release|iPhone.ActiveCfg = Release|Any CPU
		{0FFB40C0-88D7-4512-9529-ACD29DA11C28}.Release|iPhone.Build.0 = Release|Any CPU
		{0FFB40C0-88D7-4512-9529-ACD29DA11C28}.Release|iPhone.Deploy.0 = Release|Any CPU
		{0FFB40C0-88D7-4512-9529-ACD29DA11C28}.Release|iPhoneSimulator.ActiveCfg = Release|Any CPU
		{0FFB40C0-88D7-4512-9529-ACD29DA11C28}.Release|iPhoneSimulator.Build.0 = Release|Any CPU
		{0FFB40C0-88D7-4512-9529-ACD29DA11C28}.Release|iPhoneSimulator.Deploy.0 = Release|Any CPU
	EndGlobalSection
	GlobalSection(SolutionProperties) = preSolution
		HideSolutionNode = FALSE
	EndGlobalSection
	GlobalSection(ExtensibilityGlobals) = postSolution
		SolutionGuid = {620EF51D-2649-46F5-9625-D484E5BD82D5}
	EndGlobalSection
EndGlobal
